// !$*UTF8*$!
{
	archiveVersion = 1;
	classes = {
	};
	objectVersion = 77;
	objects = {

/* Begin PBXContainerItemProxy section */
		F590030D2E3EAB1500937EE7 /* PBXContainerItemProxy */ = {
			isa = PBXContainerItemProxy;
			containerPortal = F59002F72E3EAB1300937EE7 /* Project object */;
			proxyType = 1;
			remoteGlobalIDString = F59002FE2E3EAB1300937EE7;
			remoteInfo = SwiftShelf;
		};
		F59003172E3EAB1500937EE7 /* PBXContainerItemProxy */ = {
			isa = PBXContainerItemProxy;
			containerPortal = F59002F72E3EAB1300937EE7 /* Project object */;
			proxyType = 1;
			remoteGlobalIDString = F59002FE2E3EAB1300937EE7;
			remoteInfo = SwiftShelf;
		};
/* End PBXContainerItemProxy section */

/* Begin PBXFileReference section */
		F59002FF2E3EAB1300937EE7 /* SwiftShelf.app */ = {isa = PBXFileReference; explicitFileType = wrapper.application; includeInIndex = 0; path = SwiftShelf.app; sourceTree = BUILT_PRODUCTS_DIR; };
		F590030C2E3EAB1500937EE7 /* SwiftShelfTests.xctest */ = {isa = PBXFileReference; explicitFileType = wrapper.cfbundle; includeInIndex = 0; path = SwiftShelfTests.xctest; sourceTree = BUILT_PRODUCTS_DIR; };
		F59003162E3EAB1500937EE7 /* SwiftShelfUITests.xctest */ = {isa = PBXFileReference; explicitFileType = wrapper.cfbundle; includeInIndex = 0; path = SwiftShelfUITests.xctest; sourceTree = BUILT_PRODUCTS_DIR; };
/* End PBXFileReference section */

/* Begin PBXFileSystemSynchronizedBuildFileExceptionSet section */
		F5C2DDC12EBBB1CC00C95153 /* Exceptions for "SwiftShelf" folder in "SwiftShelf" target */ = {
			isa = PBXFileSystemSynchronizedBuildFileExceptionSet;
			membershipExceptions = (
				Info.plist,
			);
			target = F59002FE2E3EAB1300937EE7 /* SwiftShelf */;
		};
/* End PBXFileSystemSynchronizedBuildFileExceptionSet section */

/* Begin PBXFileSystemSynchronizedRootGroup section */
		F59003012E3EAB1300937EE7 /* SwiftShelf */ = {
			isa = PBXFileSystemSynchronizedRootGroup;
			exceptions = (
				F5C2DDC12EBBB1CC00C95153 /* Exceptions for "SwiftShelf" folder in "SwiftShelf" target */,
			);
			path = SwiftShelf;
			sourceTree = "<group>";
		};
		F590030F2E3EAB1500937EE7 /* SwiftShelfTests */ = {
			isa = PBXFileSystemSynchronizedRootGroup;
			path = SwiftShelfTests;
			sourceTree = "<group>";
		};
		F59003192E3EAB1500937EE7 /* SwiftShelfUITests */ = {
			isa = PBXFileSystemSynchronizedRootGroup;
			path = SwiftShelfUITests;
			sourceTree = "<group>";
		};
/* End PBXFileSystemSynchronizedRootGroup section */

/* Begin PBXFrameworksBuildPhase section */
		F59002FC2E3EAB1300937EE7 /* Frameworks */ = {
			isa = PBXFrameworksBuildPhase;
			buildActionMask = 2147483647;
			files = (
			);
			runOnlyForDeploymentPostprocessing = 0;
		};
		F59003092E3EAB1500937EE7 /* Frameworks */ = {
			isa = PBXFrameworksBuildPhase;
			buildActionMask = 2147483647;
			files = (
			);
			runOnlyForDeploymentPostprocessing = 0;
		};
		F59003132E3EAB1500937EE7 /* Frameworks */ = {
			isa = PBXFrameworksBuildPhase;
			buildActionMask = 2147483647;
			files = (
			);
			runOnlyForDeploymentPostprocessing = 0;
		};
/* End PBXFrameworksBuildPhase section */

/* Begin PBXGroup section */
		F59002F62E3EAB1300937EE7 = {
			isa = PBXGroup;
			children = (
				F59003012E3EAB1300937EE7 /* SwiftShelf */,
				F590030F2E3EAB1500937EE7 /* SwiftShelfTests */,
				F59003192E3EAB1500937EE7 /* SwiftShelfUITests */,
				F59003002E3EAB1300937EE7 /* Products */,
			);
			sourceTree = "<group>";
		};
		F59003002E3EAB1300937EE7 /* Products */ = {
			isa = PBXGroup;
			children = (
				F59002FF2E3EAB1300937EE7 /* SwiftShelf.app */,
				F590030C2E3EAB1500937EE7 /* SwiftShelfTests.xctest */,
				F59003162E3EAB1500937EE7 /* SwiftShelfUITests.xctest */,
			);
			name = Products;
			sourceTree = "<group>";
		};
/* End PBXGroup section */

/* Begin PBXNativeTarget section */
		F59002FE2E3EAB1300937EE7 /* SwiftShelf */ = {
			isa = PBXNativeTarget;
			buildConfigurationList = F59003202E3EAB1500937EE7 /* Build configuration list for PBXNativeTarget "SwiftShelf" */;
			buildPhases = (
				F59002FB2E3EAB1300937EE7 /* Sources */,
				F59002FC2E3EAB1300937EE7 /* Frameworks */,
				F59002FD2E3EAB1300937EE7 /* Resources */,
			);
			buildRules = (
			);
			dependencies = (
			);
			fileSystemSynchronizedGroups = (
				F59003012E3EAB1300937EE7 /* SwiftShelf */,
			);
			name = SwiftShelf;
			packageProductDependencies = (
			);
			productName = SwiftShelf;
			productReference = F59002FF2E3EAB1300937EE7 /* SwiftShelf.app */;
			productType = "com.apple.product-type.application";
		};
		F590030B2E3EAB1500937EE7 /* SwiftShelfTests */ = {
			isa = PBXNativeTarget;
			buildConfigurationList = F59003232E3EAB1500937EE7 /* Build configuration list for PBXNativeTarget "SwiftShelfTests" */;
			buildPhases = (
				F59003082E3EAB1500937EE7 /* Sources */,
				F59003092E3EAB1500937EE7 /* Frameworks */,
				F590030A2E3EAB1500937EE7 /* Resources */,
			);
			buildRules = (
			);
			dependencies = (
				F590030E2E3EAB1500937EE7 /* PBXTargetDependency */,
			);
			fileSystemSynchronizedGroups = (
				F590030F2E3EAB1500937EE7 /* SwiftShelfTests */,
			);
			name = SwiftShelfTests;
			packageProductDependencies = (
			);
			productName = SwiftShelfTests;
			productReference = F590030C2E3EAB1500937EE7 /* SwiftShelfTests.xctest */;
			productType = "com.apple.product-type.bundle.unit-test";
		};
		F59003152E3EAB1500937EE7 /* SwiftShelfUITests */ = {
			isa = PBXNativeTarget;
			buildConfigurationList = F59003262E3EAB1500937EE7 /* Build configuration list for PBXNativeTarget "SwiftShelfUITests" */;
			buildPhases = (
				F59003122E3EAB1500937EE7 /* Sources */,
				F59003132E3EAB1500937EE7 /* Frameworks */,
				F59003142E3EAB1500937EE7 /* Resources */,
			);
			buildRules = (
			);
			dependencies = (
				F59003182E3EAB1500937EE7 /* PBXTargetDependency */,
			);
			fileSystemSynchronizedGroups = (
				F59003192E3EAB1500937EE7 /* SwiftShelfUITests */,
			);
			name = SwiftShelfUITests;
			packageProductDependencies = (
			);
			productName = SwiftShelfUITests;
			productReference = F59003162E3EAB1500937EE7 /* SwiftShelfUITests.xctest */;
			productType = "com.apple.product-type.bundle.ui-testing";
		};
/* End PBXNativeTarget section */

/* Begin PBXProject section */
		F59002F72E3EAB1300937EE7 /* Project object */ = {
			isa = PBXProject;
			attributes = {
				BuildIndependentTargetsInParallel = 1;
				LastSwiftUpdateCheck = 2600;
				LastUpgradeCheck = 2600;
				TargetAttributes = {
					F59002FE2E3EAB1300937EE7 = {
						CreatedOnToolsVersion = 26.0;
					};
					F590030B2E3EAB1500937EE7 = {
						CreatedOnToolsVersion = 26.0;
						TestTargetID = F59002FE2E3EAB1300937EE7;
					};
					F59003152E3EAB1500937EE7 = {
						CreatedOnToolsVersion = 26.0;
						TestTargetID = F59002FE2E3EAB1300937EE7;
					};
				};
			};
			buildConfigurationList = F59002FA2E3EAB1300937EE7 /* Build configuration list for PBXProject "SwiftShelf" */;
			developmentRegion = en;
			hasScannedForEncodings = 0;
			knownRegions = (
				en,
				Base,
			);
			mainGroup = F59002F62E3EAB1300937EE7;
			minimizedProjectReferenceProxies = 1;
			preferredProjectObjectVersion = 77;
			productRefGroup = F59003002E3EAB1300937EE7 /* Products */;
			projectDirPath = "";
			projectRoot = "";
			targets = (
				F59002FE2E3EAB1300937EE7 /* SwiftShelf */,
				F590030B2E3EAB1500937EE7 /* SwiftShelfTests */,
				F59003152E3EAB1500937EE7 /* SwiftShelfUITests */,
			);
		};
/* End PBXProject section */

/* Begin PBXResourcesBuildPhase section */
		F59002FD2E3EAB1300937EE7 /* Resources */ = {
			isa = PBXResourcesBuildPhase;
			buildActionMask = 2147483647;
			files = (
			);
			runOnlyForDeploymentPostprocessing = 0;
		};
		F590030A2E3EAB1500937EE7 /* Resources */ = {
			isa = PBXResourcesBuildPhase;
			buildActionMask = 2147483647;
			files = (
			);
			runOnlyForDeploymentPostprocessing = 0;
		};
		F59003142E3EAB1500937EE7 /* Resources */ = {
			isa = PBXResourcesBuildPhase;
			buildActionMask = 2147483647;
			files = (
			);
			runOnlyForDeploymentPostprocessing = 0;
		};
/* End PBXResourcesBuildPhase section */

/* Begin PBXSourcesBuildPhase section */
		F59002FB2E3EAB1300937EE7 /* Sources */ = {
			isa = PBXSourcesBuildPhase;
			buildActionMask = 2147483647;
			files = (
			);
			runOnlyForDeploymentPostprocessing = 0;
		};
		F59003082E3EAB1500937EE7 /* Sources */ = {
			isa = PBXSourcesBuildPhase;
			buildActionMask = 2147483647;
			files = (
			);
			runOnlyForDeploymentPostprocessing = 0;
		};
		F59003122E3EAB1500937EE7 /* Sources */ = {
			isa = PBXSourcesBuildPhase;
			buildActionMask = 2147483647;
			files = (
			);
			runOnlyForDeploymentPostprocessing = 0;
		};
/* End PBXSourcesBuildPhase section */

/* Begin PBXTargetDependency section */
		F590030E2E3EAB1500937EE7 /* PBXTargetDependency */ = {
			isa = PBXTargetDependency;
			target = F59002FE2E3EAB1300937EE7 /* SwiftShelf */;
			targetProxy = F590030D2E3EAB1500937EE7 /* PBXContainerItemProxy */;
		};
		F59003182E3EAB1500937EE7 /* PBXTargetDependency */ = {
			isa = PBXTargetDependency;
			target = F59002FE2E3EAB1300937EE7 /* SwiftShelf */;
			targetProxy = F59003172E3EAB1500937EE7 /* PBXContainerItemProxy */;
		};
/* End PBXTargetDependency section */

/* Begin XCBuildConfiguration section */
		F590031E2E3EAB1500937EE7 /* Debug */ = {
			isa = XCBuildConfiguration;
			buildSettings = {
				ALWAYS_SEARCH_USER_PATHS = NO;
				ASSETCATALOG_COMPILER_GENERATE_SWIFT_ASSET_SYMBOL_EXTENSIONS = YES;
				CLANG_ANALYZER_NONNULL = YES;
				CLANG_ANALYZER_NUMBER_OBJECT_CONVERSION = YES_AGGRESSIVE;
				CLANG_CXX_LANGUAGE_STANDARD = "gnu++20";
				CLANG_ENABLE_MODULES = YES;
				CLANG_ENABLE_OBJC_ARC = YES;
				CLANG_ENABLE_OBJC_WEAK = YES;
				CLANG_WARN_BLOCK_CAPTURE_AUTORELEASING = YES;
				CLANG_WARN_BOOL_CONVERSION = YES;
				CLANG_WARN_COMMA = YES;
				CLANG_WARN_CONSTANT_CONVERSION = YES;
				CLANG_WARN_DEPRECATED_OBJC_IMPLEMENTATIONS = YES;
				CLANG_WARN_DIRECT_OBJC_ISA_USAGE = YES_ERROR;
				CLANG_WARN_DOCUMENTATION_COMMENTS = YES;
				CLANG_WARN_EMPTY_BODY = YES;
				CLANG_WARN_ENUM_CONVERSION = YES;
				CLANG_WARN_INFINITE_RECURSION = YES;
				CLANG_WARN_INT_CONVERSION = YES;
				CLANG_WARN_NON_LITERAL_NULL_CONVERSION = YES;
				CLANG_WARN_OBJC_IMPLICIT_RETAIN_SELF = YES;
				CLANG_WARN_OBJC_LITERAL_CONVERSION = YES;
				CLANG_WARN_OBJC_ROOT_CLASS = YES_ERROR;
				CLANG_WARN_QUOTED_INCLUDE_IN_FRAMEWORK_HEADER = YES;
				CLANG_WARN_RANGE_LOOP_ANALYSIS = YES;
				CLANG_WARN_STRICT_PROTOTYPES = YES;
				CLANG_WARN_SUSPICIOUS_MOVE = YES;
				CLANG_WARN_UNGUARDED_AVAILABILITY = YES_AGGRESSIVE;
				CLANG_WARN_UNREACHABLE_CODE = YES;
				CLANG_WARN__DUPLICATE_METHOD_MATCH = YES;
				COPY_PHASE_STRIP = NO;
				DEBUG_INFORMATION_FORMAT = dwarf;
				DEVELOPMENT_TEAM = GQ63VWNLW5;
				ENABLE_STRICT_OBJC_MSGSEND = YES;
				ENABLE_TESTABILITY = YES;
				ENABLE_USER_SCRIPT_SANDBOXING = YES;
				GCC_C_LANGUAGE_STANDARD = gnu17;
				GCC_DYNAMIC_NO_PIC = NO;
				GCC_NO_COMMON_BLOCKS = YES;
				GCC_OPTIMIZATION_LEVEL = 0;
				GCC_PREPROCESSOR_DEFINITIONS = (
					"DEBUG=1",
					"$(inherited)",
				);
				GCC_WARN_64_TO_32_BIT_CONVERSION = YES;
				GCC_WARN_ABOUT_RETURN_TYPE = YES_ERROR;
				GCC_WARN_UNDECLARED_SELECTOR = YES;
				GCC_WARN_UNINITIALIZED_AUTOS = YES_AGGRESSIVE;
				GCC_WARN_UNUSED_FUNCTION = YES;
				GCC_WARN_UNUSED_VARIABLE = YES;
				LOCALIZATION_PREFERS_STRING_CATALOGS = YES;
				MTL_ENABLE_DEBUG_INFO = INCLUDE_SOURCE;
				MTL_FAST_MATH = YES;
				ONLY_ACTIVE_ARCH = YES;
				SDKROOT = appletvos;
				SWIFT_ACTIVE_COMPILATION_CONDITIONS = "DEBUG $(inherited)";
				SWIFT_OPTIMIZATION_LEVEL = "-Onone";
				TVOS_DEPLOYMENT_TARGET = 26.0;
			};
			name = Debug;
		};
		F590031F2E3EAB1500937EE7 /* Release */ = {
			isa = XCBuildConfiguration;
			buildSettings = {
				ALWAYS_SEARCH_USER_PATHS = NO;
				ASSETCATALOG_COMPILER_GENERATE_SWIFT_ASSET_SYMBOL_EXTENSIONS = YES;
				CLANG_ANALYZER_NONNULL = YES;
				CLANG_ANALYZER_NUMBER_OBJECT_CONVERSION = YES_AGGRESSIVE;
				CLANG_CXX_LANGUAGE_STANDARD = "gnu++20";
				CLANG_ENABLE_MODULES = YES;
				CLANG_ENABLE_OBJC_ARC = YES;
				CLANG_ENABLE_OBJC_WEAK = YES;
				CLANG_WARN_BLOCK_CAPTURE_AUTORELEASING = YES;
				CLANG_WARN_BOOL_CONVERSION = YES;
				CLANG_WARN_COMMA = YES;
				CLANG_WARN_CONSTANT_CONVERSION = YES;
				CLANG_WARN_DEPRECATED_OBJC_IMPLEMENTATIONS = YES;
				CLANG_WARN_DIRECT_OBJC_ISA_USAGE = YES_ERROR;
				CLANG_WARN_DOCUMENTATION_COMMENTS = YES;
				CLANG_WARN_EMPTY_BODY = YES;
				CLANG_WARN_ENUM_CONVERSION = YES;
				CLANG_WARN_INFINITE_RECURSION = YES;
				CLANG_WARN_INT_CONVERSION = YES;
				CLANG_WARN_NON_LITERAL_NULL_CONVERSION = YES;
				CLANG_WARN_OBJC_IMPLICIT_RETAIN_SELF = YES;
				CLANG_WARN_OBJC_LITERAL_CONVERSION = YES;
				CLANG_WARN_OBJC_ROOT_CLASS = YES_ERROR;
				CLANG_WARN_QUOTED_INCLUDE_IN_FRAMEWORK_HEADER = YES;
				CLANG_WARN_RANGE_LOOP_ANALYSIS = YES;
				CLANG_WARN_STRICT_PROTOTYPES = YES;
				CLANG_WARN_SUSPICIOUS_MOVE = YES;
				CLANG_WARN_UNGUARDED_AVAILABILITY = YES_AGGRESSIVE;
				CLANG_WARN_UNREACHABLE_CODE = YES;
				CLANG_WARN__DUPLICATE_METHOD_MATCH = YES;
				COPY_PHASE_STRIP = NO;
				DEBUG_INFORMATION_FORMAT = "dwarf-with-dsym";
				DEVELOPMENT_TEAM = GQ63VWNLW5;
				ENABLE_NS_ASSERTIONS = NO;
				ENABLE_STRICT_OBJC_MSGSEND = YES;
				ENABLE_USER_SCRIPT_SANDBOXING = YES;
				GCC_C_LANGUAGE_STANDARD = gnu17;
				GCC_NO_COMMON_BLOCKS = YES;
				GCC_WARN_64_TO_32_BIT_CONVERSION = YES;
				GCC_WARN_ABOUT_RETURN_TYPE = YES_ERROR;
				GCC_WARN_UNDECLARED_SELECTOR = YES;
				GCC_WARN_UNINITIALIZED_AUTOS = YES_AGGRESSIVE;
				GCC_WARN_UNUSED_FUNCTION = YES;
				GCC_WARN_UNUSED_VARIABLE = YES;
				LOCALIZATION_PREFERS_STRING_CATALOGS = YES;
				MTL_ENABLE_DEBUG_INFO = NO;
				MTL_FAST_MATH = YES;
				SDKROOT = appletvos;
				SWIFT_COMPILATION_MODE = wholemodule;
				TVOS_DEPLOYMENT_TARGET = 26.0;
				VALIDATE_PRODUCT = YES;
			};
			name = Release;
		};
		F59003212E3EAB1500937EE7 /* Debug */ = {
			isa = XCBuildConfiguration;
			buildSettings = {
				ASSETCATALOG_COMPILER_APPICON_NAME = "App Icon & Top Shelf Image";
				ASSETCATALOG_COMPILER_GLOBAL_ACCENT_COLOR_NAME = AccentColor;
				CODE_SIGN_STYLE = Automatic;
				CURRENT_PROJECT_VERSION = 13;
				DEVELOPMENT_TEAM = GQ63VWNLW5;
				ENABLE_PREVIEWS = YES;
				GENERATE_INFOPLIST_FILE = YES;
				INFOPLIST_FILE = SwiftShelf/Info.plist;
				INFOPLIST_KEY_UILaunchScreen_Generation = YES;
				INFOPLIST_KEY_UIUserInterfaceStyle = Automatic;
				LD_RUNPATH_SEARCH_PATHS = (
					"$(inherited)",
					"@executable_path/Frameworks",
				);
				MARKETING_VERSION = 1.0;
				PRODUCT_BUNDLE_IDENTIFIER = "com.coned-miro.SwiftShelf";
				PRODUCT_NAME = "$(TARGET_NAME)";
				STRING_CATALOG_GENERATE_SYMBOLS = YES;
				SWIFT_APPROACHABLE_CONCURRENCY = YES;
				SWIFT_DEFAULT_ACTOR_ISOLATION = MainActor;
				SWIFT_EMIT_LOC_STRINGS = YES;
				SWIFT_UPCOMING_FEATURE_MEMBER_IMPORT_VISIBILITY = YES;
				SWIFT_VERSION = 5.0;
				TARGETED_DEVICE_FAMILY = 3;
			};
			name = Debug;
		};
		F59003222E3EAB1500937EE7 /* Release */ = {
			isa = XCBuildConfiguration;
			buildSettings = {
				ASSETCATALOG_COMPILER_APPICON_NAME = "App Icon & Top Shelf Image";
				ASSETCATALOG_COMPILER_GLOBAL_ACCENT_COLOR_NAME = AccentColor;
				CODE_SIGN_STYLE = Automatic;
				CURRENT_PROJECT_VERSION = 13;
				DEVELOPMENT_TEAM = GQ63VWNLW5;
				ENABLE_PREVIEWS = YES;
				GENERATE_INFOPLIST_FILE = YES;
				INFOPLIST_FILE = SwiftShelf/Info.plist;
				INFOPLIST_KEY_UILaunchScreen_Generation = YES;
				INFOPLIST_KEY_UIUserInterfaceStyle = Automatic;
				LD_RUNPATH_SEARCH_PATHS = (
					"$(inherited)",
					"@executable_path/Frameworks",
				);
				MARKETING_VERSION = 1.0;
				PRODUCT_BUNDLE_IDENTIFIER = "com.coned-miro.SwiftShelf";
				PRODUCT_NAME = "$(TARGET_NAME)";
				STRING_CATALOG_GENERATE_SYMBOLS = YES;
				SWIFT_APPROACHABLE_CONCURRENCY = YES;
				SWIFT_DEFAULT_ACTOR_ISOLATION = MainActor;
				SWIFT_EMIT_LOC_STRINGS = YES;
				SWIFT_UPCOMING_FEATURE_MEMBER_IMPORT_VISIBILITY = YES;
				SWIFT_VERSION = 5.0;
				TARGETED_DEVICE_FAMILY = 3;
			};
			name = Release;
		};
		F59003242E3EAB1500937EE7 /* Debug */ = {
			isa = XCBuildConfiguration;
			buildSettings = {
				BUNDLE_LOADER = "$(TEST_HOST)";
				CODE_SIGN_STYLE = Automatic;
				CURRENT_PROJECT_VERSION = 1;
				DEVELOPMENT_TEAM = GQ63VWNLW5;
				GENERATE_INFOPLIST_FILE = YES;
				MARKETING_VERSION = 1.0;
				PRODUCT_BUNDLE_IDENTIFIER = "com.coned-miro.SwiftShelfTests";
				PRODUCT_NAME = "$(TARGET_NAME)";
				STRING_CATALOG_GENERATE_SYMBOLS = NO;
				SWIFT_APPROACHABLE_CONCURRENCY = YES;
				SWIFT_EMIT_LOC_STRINGS = NO;
				SWIFT_UPCOMING_FEATURE_MEMBER_IMPORT_VISIBILITY = YES;
				SWIFT_VERSION = 5.0;
				TARGETED_DEVICE_FAMILY = 3;
				TEST_HOST = "$(BUILT_PRODUCTS_DIR)/SwiftShelf.app/$(BUNDLE_EXECUTABLE_FOLDER_PATH)/SwiftShelf";
				TVOS_DEPLOYMENT_TARGET = 26.0;
			};
			name = Debug;
		};
		F59003252E3EAB1500937EE7 /* Release */ = {
			isa = XCBuildConfiguration;
			buildSettings = {
				BUNDLE_LOADER = "$(TEST_HOST)";
				CODE_SIGN_STYLE = Automatic;
				CURRENT_PROJECT_VERSION = 1;
				DEVELOPMENT_TEAM = GQ63VWNLW5;
				GENERATE_INFOPLIST_FILE = YES;
				MARKETING_VERSION = 1.0;
				PRODUCT_BUNDLE_IDENTIFIER = "com.coned-miro.SwiftShelfTests";
				PRODUCT_NAME = "$(TARGET_NAME)";
				STRING_CATALOG_GENERATE_SYMBOLS = NO;
				SWIFT_APPROACHABLE_CONCURRENCY = YES;
				SWIFT_EMIT_LOC_STRINGS = NO;
				SWIFT_UPCOMING_FEATURE_MEMBER_IMPORT_VISIBILITY = YES;
				SWIFT_VERSION = 5.0;
				TARGETED_DEVICE_FAMILY = 3;
				TEST_HOST = "$(BUILT_PRODUCTS_DIR)/SwiftShelf.app/$(BUNDLE_EXECUTABLE_FOLDER_PATH)/SwiftShelf";
				TVOS_DEPLOYMENT_TARGET = 26.0;
			};
			name = Release;
		};
		F59003272E3EAB1500937EE7 /* Debug */ = {
			isa = XCBuildConfiguration;
			buildSettings = {
				CODE_SIGN_STYLE = Automatic;
				CURRENT_PROJECT_VERSION = 1;
				DEVELOPMENT_TEAM = GQ63VWNLW5;
				GENERATE_INFOPLIST_FILE = YES;
				MARKETING_VERSION = 1.0;
				PRODUCT_BUNDLE_IDENTIFIER = "com.coned-miro.SwiftShelfUITests";
				PRODUCT_NAME = "$(TARGET_NAME)";
				STRING_CATALOG_GENERATE_SYMBOLS = NO;
				SWIFT_APPROACHABLE_CONCURRENCY = YES;
				SWIFT_EMIT_LOC_STRINGS = NO;
				SWIFT_UPCOMING_FEATURE_MEMBER_IMPORT_VISIBILITY = YES;
				SWIFT_VERSION = 5.0;
				TARGETED_DEVICE_FAMILY = 3;
				TEST_TARGET_NAME = SwiftShelf;
			};
			name = Debug;
		};
		F59003282E3EAB1500937EE7 /* Release */ = {
			isa = XCBuildConfiguration;
			buildSettings = {
				CODE_SIGN_STYLE = Automatic;
				CURRENT_PROJECT_VERSION = 1;
				DEVELOPMENT_TEAM = GQ63VWNLW5;
				GENERATE_INFOPLIST_FILE = YES;
				MARKETING_VERSION = 1.0;
				PRODUCT_BUNDLE_IDENTIFIER = "com.coned-miro.SwiftShelfUITests";
				PRODUCT_NAME = "$(TARGET_NAME)";
				STRING_CATALOG_GENERATE_SYMBOLS = NO;
				SWIFT_APPROACHABLE_CONCURRENCY = YES;
				SWIFT_EMIT_LOC_STRINGS = NO;
				SWIFT_UPCOMING_FEATURE_MEMBER_IMPORT_VISIBILITY = YES;
				SWIFT_VERSION = 5.0;
				TARGETED_DEVICE_FAMILY = 3;
				TEST_TARGET_NAME = SwiftShelf;
			};
			name = Release;
		};
/* End XCBuildConfiguration section */

/* Begin XCConfigurationList section */
		F59002FA2E3EAB1300937EE7 /* Build configuration list for PBXProject "SwiftShelf" */ = {
			isa = XCConfigurationList;
			buildConfigurations = (
				F590031E2E3EAB1500937EE7 /* Debug */,
				F590031F2E3EAB1500937EE7 /* Release */,
			);
			defaultConfigurationIsVisible = 0;
			defaultConfigurationName = Release;
		};
		F59003202E3EAB1500937EE7 /* Build configuration list for PBXNativeTarget "SwiftShelf" */ = {
			isa = XCConfigurationList;
			buildConfigurations = (
				F59003212E3EAB1500937EE7 /* Debug */,
				F59003222E3EAB1500937EE7 /* Release */,
			);
			defaultConfigurationIsVisible = 0;
			defaultConfigurationName = Release;
		};
		F59003232E3EAB1500937EE7 /* Build configuration list for PBXNativeTarget "SwiftShelfTests" */ = {
			isa = XCConfigurationList;
			buildConfigurations = (
				F59003242E3EAB1500937EE7 /* Debug */,
				F59003252E3EAB1500937EE7 /* Release */,
			);
			defaultConfigurationIsVisible = 0;
			defaultConfigurationName = Release;
		};
		F59003262E3EAB1500937EE7 /* Build configuration list for PBXNativeTarget "SwiftShelfUITests" */ = {
			isa = XCConfigurationList;
			buildConfigurations = (
				F59003272E3EAB1500937EE7 /* Debug */,
				F59003282E3EAB1500937EE7 /* Release */,
			);
			defaultConfigurationIsVisible = 0;
			defaultConfigurationName = Release;
		};
/* End XCConfigurationList section */
	};
	rootObject = F59002F72E3EAB1300937EE7 /* Project object */;
}
